
Microsoft Visual Studio Solution File, Format Version 12.00
# Visual Studio Version 17
VisualStudioVersion = 17.0.31903.59
MinimumVisualStudioVersion = 10.0.40219.1
Project("{2150E333-8FDC-42A3-9474-1A3956D46DE8}") = "src", "src", "{9BFCB3CA-C00E-4BA8-85A6-EEBAFD74B373}"
EndProject
Project("{FAE04EC0-301F-11D3-BF4B-00C04F79EFBC}") = "CRUD.Api", "src\CRUD.Api\CRUD.Api.csproj", "{030588B5-619D-42D9-BC0E-34275A7E28A4}"
EndProject
Project("{FAE04EC0-301F-11D3-BF4B-00C04F79EFBC}") = "CRUD.Application", "src\CRUD.Application\CRUD.Application.csproj", "{E6DF12FD-DC01-4B40-80FF-F7F8E178AC91}"
EndProject
Project("{FAE04EC0-301F-11D3-BF4B-00C04F79EFBC}") = "CRUD.Domain", "src\CRUD.Domain\CRUD.Domain.csproj", "{532DC34B-B4AC-44FF-9ED5-74552E8E4C0E}"
EndProject
Project("{FAE04EC0-301F-11D3-BF4B-00C04F79EFBC}") = "CRUD.Infrastructure", "src\CRUD.Infrastructure\CRUD.Infrastructure.csproj", "{849FC455-605E-4B2B-8537-ABC42DAC527A}"
EndProject
Project("{FAE04EC0-301F-11D3-BF4B-00C04F79EFBC}") = "CRUD.CrossCutting", "src\CRUD.CrossCutting\CRUD.CrossCutting.csproj", "{0C76AF99-34BE-4C07-9074-B76917ACB9AA}"
EndProject
Project("{2150E333-8FDC-42A3-9474-1A3956D46DE8}") = "test", "test", "{E22FDC85-29D3-4354-8509-0BD2D92C75ED}"
EndProject
Project("{2150E333-8FDC-42A3-9474-1A3956D46DE8}") = "Integration", "Integration", "{559852CA-0841-476C-871A-F9800894CAC9}"
EndProject
Project("{FAE04EC0-301F-11D3-BF4B-00C04F79EFBC}") = "CRUD.IntegrationTest", "test\Integration\CRUD.IntegrationTest\CRUD.IntegrationTest.csproj", "{B255A75E-940D-499F-B95C-E89D62E8E250}"
EndProject
Project("{2150E333-8FDC-42A3-9474-1A3956D46DE8}") = "Unit", "Unit", "{C709F574-352B-4658-8198-25676F86D3A7}"
EndProject
Project("{FAE04EC0-301F-11D3-BF4B-00C04F79EFBC}") = "CRUD.UnitTest", "test\Unit\CRUD.UnitTest\CRUD.UnitTest.csproj", "{93F4FC46-9099-4A67-A0D2-2903FC6BC9CC}"
EndProject
Global
	GlobalSection(SolutionConfigurationPlatforms) = preSolution
		Debug|Any CPU = Debug|Any CPU
		Release|Any CPU = Release|Any CPU
	EndGlobalSection
	GlobalSection(SolutionProperties) = preSolution
		HideSolutionNode = FALSE
	EndGlobalSection
	GlobalSection(ProjectConfigurationPlatforms) = postSolution
		{030588B5-619D-42D9-BC0E-34275A7E28A4}.Debug|Any CPU.ActiveCfg = Debug|Any CPU
		{030588B5-619D-42D9-BC0E-34275A7E28A4}.Debug|Any CPU.Build.0 = Debug|Any CPU
		{030588B5-619D-42D9-BC0E-34275A7E28A4}.Release|Any CPU.ActiveCfg = Release|Any CPU
		{030588B5-619D-42D9-BC0E-34275A7E28A4}.Release|Any CPU.Build.0 = Release|Any CPU
		{E6DF12FD-DC01-4B40-80FF-F7F8E178AC91}.Debug|Any CPU.ActiveCfg = Debug|Any CPU
		{E6DF12FD-DC01-4B40-80FF-F7F8E178AC91}.Debug|Any CPU.Build.0 = Debug|Any CPU
		{E6DF12FD-DC01-4B40-80FF-F7F8E178AC91}.Release|Any CPU.ActiveCfg = Release|Any CPU
		{E6DF12FD-DC01-4B40-80FF-F7F8E178AC91}.Release|Any CPU.Build.0 = Release|Any CPU
		{532DC34B-B4AC-44FF-9ED5-74552E8E4C0E}.Debug|Any CPU.ActiveCfg = Debug|Any CPU
		{532DC34B-B4AC-44FF-9ED5-74552E8E4C0E}.Debug|Any CPU.Build.0 = Debug|Any CPU
		{532DC34B-B4AC-44FF-9ED5-74552E8E4C0E}.Release|Any CPU.ActiveCfg = Release|Any CPU
		{532DC34B-B4AC-44FF-9ED5-74552E8E4C0E}.Release|Any CPU.Build.0 = Release|Any CPU
		{849FC455-605E-4B2B-8537-ABC42DAC527A}.Debug|Any CPU.ActiveCfg = Debug|Any CPU
		{849FC455-605E-4B2B-8537-ABC42DAC527A}.Debug|Any CPU.Build.0 = Debug|Any CPU
		{849FC455-605E-4B2B-8537-ABC42DAC527A}.Release|Any CPU.ActiveCfg = Release|Any CPU
		{849FC455-605E-4B2B-8537-ABC42DAC527A}.Release|Any CPU.Build.0 = Release|Any CPU
		{0C76AF99-34BE-4C07-9074-B76917ACB9AA}.Debug|Any CPU.ActiveCfg = Debug|Any CPU
		{0C76AF99-34BE-4C07-9074-B76917ACB9AA}.Debug|Any CPU.Build.0 = Debug|Any CPU
		{0C76AF99-34BE-4C07-9074-B76917ACB9AA}.Release|Any CPU.ActiveCfg = Release|Any CPU
		{0C76AF99-34BE-4C07-9074-B76917ACB9AA}.Release|Any CPU.Build.0 = Release|Any CPU
		{B255A75E-940D-499F-B95C-E89D62E8E250}.Debug|Any CPU.ActiveCfg = Debug|Any CPU
		{B255A75E-940D-499F-B95C-E89D62E8E250}.Debug|Any CPU.Build.0 = Debug|Any CPU
		{B255A75E-940D-499F-B95C-E89D62E8E250}.Release|Any CPU.ActiveCfg = Release|Any CPU
		{B255A75E-940D-499F-B95C-E89D62E8E250}.Release|Any CPU.Build.0 = Release|Any CPU
		{93F4FC46-9099-4A67-A0D2-2903FC6BC9CC}.Debug|Any CPU.ActiveCfg = Debug|Any CPU
		{93F4FC46-9099-4A67-A0D2-2903FC6BC9CC}.Debug|Any CPU.Build.0 = Debug|Any CPU
		{93F4FC46-9099-4A67-A0D2-2903FC6BC9CC}.Release|Any CPU.ActiveCfg = Release|Any CPU
		{93F4FC46-9099-4A67-A0D2-2903FC6BC9CC}.Release|Any CPU.Build.0 = Release|Any CPU
	EndGlobalSection
	GlobalSection(NestedProjects) = preSolution
		{030588B5-619D-42D9-BC0E-34275A7E28A4} = {9BFCB3CA-C00E-4BA8-85A6-EEBAFD74B373}
		{E6DF12FD-DC01-4B40-80FF-F7F8E178AC91} = {9BFCB3CA-C00E-4BA8-85A6-EEBAFD74B373}
		{532DC34B-B4AC-44FF-9ED5-74552E8E4C0E} = {9BFCB3CA-C00E-4BA8-85A6-EEBAFD74B373}
		{849FC455-605E-4B2B-8537-ABC42DAC527A} = {9BFCB3CA-C00E-4BA8-85A6-EEBAFD74B373}
		{0C76AF99-34BE-4C07-9074-B76917ACB9AA} = {9BFCB3CA-C00E-4BA8-85A6-EEBAFD74B373}
		{559852CA-0841-476C-871A-F9800894CAC9} = {E22FDC85-29D3-4354-8509-0BD2D92C75ED}
		{B255A75E-940D-499F-B95C-E89D62E8E250} = {559852CA-0841-476C-871A-F9800894CAC9}
		{C709F574-352B-4658-8198-25676F86D3A7} = {E22FDC85-29D3-4354-8509-0BD2D92C75ED}
		{93F4FC46-9099-4A67-A0D2-2903FC6BC9CC} = {C709F574-352B-4658-8198-25676F86D3A7}
	EndGlobalSection
EndGlobal
